{
  "name": "opencode-server-railway",
  "version": "1.0.0",
  "lockfileVersion": 3,
  "requires": true,
  "packages": {
    "": {
      "name": "opencode-server-railway",
      "version": "1.0.0",
      "dependencies": {
        "http-proxy": "^1.18.1",
        "opencode-ai": "^0.1.48"
      },
      "engines": {
        "node": ">=22.0.0"
      }
    },
    "node_modules/eventemitter3": {
      "version": "4.0.7",
      "resolved": "https://registry.npmjs.org/eventemitter3/-/eventemitter3-4.0.7.tgz",
      "integrity": "sha512-8guHBZCwKnFhYdHr2ysuRWErTwhoN2X8XELRlrRwpmfeY2jjuUN4taQMsULKUVo1K4DvZl+0pgfyoysHxvmvEw==",
      "license": "MIT"
    },
    "node_modules/follow-redirects": {
      "version": "1.16.0",
      "resolved": "https://registry.npmjs.org/follow-redirects/-/follow-redirects-1.16.0.tgz",
      "integrity": "sha512-y5rN/uOsadFT/JfYwhxRS5R7Qce+g3zG97+JrtFZlC9klX/W5hD7iiLzScI4nZqUS7DNUdhPgw4xI8W2LuXlUw==",
      "funding": [
        {
          "type": "individual",
          "url": "https://github.com/sponsors/RubenVerborgh"
        }
      ],
      "license": "MIT",
      "engines": {
        "node": ">=4.0"
      },
      "peerDependenciesMeta": {
        "debug": {
          "optional": true
        }
      }
    },
    "node_modules/http-proxy": {
      "version": "1.18.1",
      "resolved": "https://registry.npmjs.org/http-proxy/-/http-proxy-1.18.1.tgz",
      "integrity": "sha512-7mz/721AbnJwIVbnaSv1Cz3Am0ZLT/UBwkC92VlxhXv/k/BBQfM2fXElQNC27BVGr0uwUpplYPQM9LnaBMR5NQ==",
      "license": "MIT",
      "dependencies": {
        "eventemitter3": "^4.0.0",
        "follow-redirects": "^1.0.0",
        "requires-port": "^1.0.0"
      },
      "engines": {
        "node": ">=8.0.0"
      }
    },
    "node_modules/opencode-ai": {
      "version": "0.1.195",
      "resolved": "https://registry.npmjs.org/opencode-ai/-/opencode-ai-0.1.195.tgz",
      "integrity": "sha512-2lPPlGtcYXdyc5rxF2MUCYceRvlBFYAG09i29Pu/wFZsQp7JH/mIcYVoWamNck2R1+N8FgZSJrvPrXibbkWVpQ==",
      "hasInstallScript": true,
      "bin": {
        "opencode": "bin/opencode"
      },
      "optionalDependencies": {
        "opencode-darwin-arm64": "0.1.195",
        "opencode-darwin-x64": "0.1.195",
        "opencode-linux-arm64": "0.1.195",
        "opencode-linux-x64": "0.1.195",
        "opencode-windows-x64": "0.1.195"
      }
    },
    "node_modules/opencode-darwin-arm64": {
      "version": "0.1.195",
      "resolved": "https://registry.npmjs.org/opencode-darwin-arm64/-/opencode-darwin-arm64-0.1.195.tgz",
      "integrity": "sha512-DIPjjH62OlLYT6VC11CNweMni1ReyrXHWbL6z1D/ZB37oTxAhSRH5LNbK4caCqNq13cuw8fEKRkIQcSAquyA1A==",
      "cpu": [
        "arm64"
      ],
      "optional": true,
      "os": [
        "darwin"
      ]
    },
    "node_modules/opencode-darwin-x64": {
      "version": "0.1.195",
      "resolved": "https://registry.npmjs.org/opencode-darwin-x64/-/opencode-darwin-x64-0.1.195.tgz",
      "integrity": "sha512-4IYlvPqOjpRQZ3rSqWeFAb9ufu7B1BhXYFtHz47GyLhfkKW8+MoPNvZUN8tmI4zSPmts2g12co2PmMNnDpSCPQ==",
      "cpu": [
        "x64"
      ],
      "optional": true,
      "os": [
        "darwin"
      ]
    },
    "node_modules/opencode-linux-arm64": {
      "version": "0.1.195",
      "resolved": "https://registry.npmjs.org/opencode-linux-arm64/-/opencode-linux-arm64-0.1.195.tgz",
      "integrity": "sha512-F/eRiXMLeBdy9pU8csTElzbwFuA1PwcbBCRYeZHzLCZOXfIzbueEGU17FPMKZcb71H6+KDoSsc5PlGapiJB5sw==",
      "cpu": [
        "arm64"
      ],
      "optional": true,
      "os": [
        "linux"
      ]
    },
    "node_modules/opencode-linux-x64": {
      "version": "0.1.195",
      "resolved": "https://registry.npmjs.org/opencode-linux-x64/-/opencode-linux-x64-0.1.195.tgz",
      "integrity": "sha512-JWFJRrDixT3Ty5nlzTkmXHM9lkh6x//hUdi+OG7ffoXioXE5vyxcoudByQLpk6g6nW+8UL4+gwy4IhdT4aRk1w==",
      "cpu": [
        "x64"
      ],
      "optional": true,
      "os": [
        "linux"
      ]
    },
    "node_modules/opencode-windows-x64": {
      "version": "0.1.195",
      "resolved": "https://registry.npmjs.org/opencode-windows-x64/-/opencode-windows-x64-0.1.195.tgz",
      "integrity": "sha512-ZrtxLOU2Iwa61KD156PzgxBaK3qc0ikMRO0ULWRdtpQo8KZWv7v3BxDNqX0AUKfmupqLa2Laoo+4XRQLSqBITA==",
      "cpu": [
        "x64"
      ],
      "optional": true,
      "os": [
        "win32"
      ]
    },
    "node_modules/requires-port": {
      "version": "1.0.0",
      "resolved": "https://registry.npmjs.org/requires-port/-/requires-port-1.0.0.tgz",
      "integrity": "sha512-KigOCHcocU3XODJxsu8i/j8T9tzT4adHiecwORRQ0ZZFcp7ahwXuRU1m+yuO90C5ZUyGeGfocHDI14M3L3yDAQ==",
      "license": "MIT"
    }
  }
}
